
Microsoft Visual Studio Solution File, Format Version 12.00
# Visual Studio 2015
Project("{FAE04EC0-301F-11D3-BF4B-00C04F79EFBC}") = "Periodic Table Game.CSharp.Plugins", "Periodic Table Game.CSharp.Plugins.csproj", "{11A691EE-9333-ADBE-21AD-D33EE4F09307}"
EndProject
Project("{FAE04EC0-301F-11D3-BF4B-00C04F79EFBC}") = "Periodic Table Game.CSharp", "Periodic Table Game.CSharp.csproj", "{28152E6F-DBFB-4424-B4E8-70A7EE830BBE}"
EndProject
Project("{FAE04EC0-301F-11D3-BF4B-00C04F79EFBC}") = "Periodic Table Game.CSharp.Editor", "Periodic Table Game.CSharp.Editor.csproj", "{E87173B5-CBE9-7EF3-5CD2-AA17B75ADD58}"
EndProject
Global
	GlobalSection(SolutionConfigurationPlatforms) = preSolution
		Debug|Any CPU = Debug|Any CPU
		Release|Any CPU = Release|Any CPU
	EndGlobalSection
	GlobalSection(ProjectConfigurationPlatforms) = postSolution
		{11A691EE-9333-ADBE-21AD-D33EE4F09307}.Debug|Any CPU.ActiveCfg = Debug|Any CPU
		{11A691EE-9333-ADBE-21AD-D33EE4F09307}.Debug|Any CPU.Build.0 = Debug|Any CPU
		{11A691EE-9333-ADBE-21AD-D33EE4F09307}.Release|Any CPU.ActiveCfg = Release|Any CPU
		{11A691EE-9333-ADBE-21AD-D33EE4F09307}.Release|Any CPU.Build.0 = Release|Any CPU
		{28152E6F-DBFB-4424-B4E8-70A7EE830BBE}.Debug|Any CPU.ActiveCfg = Debug|Any CPU
		{28152E6F-DBFB-4424-B4E8-70A7EE830BBE}.Debug|Any CPU.Build.0 = Debug|Any CPU
		{28152E6F-DBFB-4424-B4E8-70A7EE830BBE}.Release|Any CPU.ActiveCfg = Release|Any CPU
		{28152E6F-DBFB-4424-B4E8-70A7EE830BBE}.Release|Any CPU.Build.0 = Release|Any CPU
		{E87173B5-CBE9-7EF3-5CD2-AA17B75ADD58}.Debug|Any CPU.ActiveCfg = Debug|Any CPU
		{E87173B5-CBE9-7EF3-5CD2-AA17B75ADD58}.Debug|Any CPU.Build.0 = Debug|Any CPU
		{E87173B5-CBE9-7EF3-5CD2-AA17B75ADD58}.Release|Any CPU.ActiveCfg = Release|Any CPU
		{E87173B5-CBE9-7EF3-5CD2-AA17B75ADD58}.Release|Any CPU.Build.0 = Release|Any CPU
	EndGlobalSection
	GlobalSection(SolutionProperties) = preSolution
		HideSolutionNode = FALSE
	EndGlobalSection
EndGlobal
